{
  "version": 4,
  "terraform_version": "1.13.5",
  "serial": 4,
  "lineage": "09796525-0ffc-cdbe-b868-107ce6373dfe",
  "outputs": {
    "sms_role_arn": {
      "value": "arn:aws:iam::380093117501:role/compira-dev-cognito-sms-role",
      "type": "string"
    }
  },
  "resources": [
    {
      "mode": "data",
      "type": "aws_caller_identity",
      "name": "current",
      "provider": "provider[\"registry.terraform.io/hashicorp/aws\"]",
      "instances": [
        {
          "schema_version": 0,
          "attributes": {
            "account_id": "380093117501",
            "arn": "arn:aws:iam::380093117501:user/terraform-admin",
            "id": "380093117501",
            "user_id": "AIDAVQ72QWQ6W56JFRG6M"
          },
          "sensitive_attributes": [],
          "identity_schema_version": 0
        }
      ]
    },
    {
      "mode": "data",
      "type": "aws_region",
      "name": "current",
      "provider": "provider[\"registry.terraform.io/hashicorp/aws\"]",
      "instances": [
        {
          "schema_version": 0,
          "attributes": {
            "description": "US East (N. Virginia)",
            "endpoint": "ec2.us-east-1.amazonaws.com",
            "id": "us-east-1",
            "name": "us-east-1"
          },
          "sensitive_attributes": [],
          "identity_schema_version": 0
        }
      ]
    },
    {
      "mode": "managed",
      "type": "aws_cognito_user_pool",
      "name": "this",
      "provider": "provider[\"registry.terraform.io/hashicorp/aws\"]",
      "instances": [
        {
          "status": "tainted",
          "schema_version": 0,
          "attributes": {
            "account_recovery_setting": [
              {
                "recovery_mechanism": [
                  {
                    "name": "verified_email",
                    "priority": 2
                  },
                  {
                    "name": "verified_phone_number",
                    "priority": 1
                  }
                ]
              }
            ],
            "admin_create_user_config": [
              {
                "allow_admin_create_user_only": false,
                "invite_message_template": []
              }
            ],
            "alias_attributes": null,
            "arn": null,
            "auto_verified_attributes": [
              "email",
              "phone_number"
            ],
            "creation_date": null,
            "custom_domain": null,
            "deletion_protection": "INACTIVE",
            "device_configuration": [],
            "domain": null,
            "email_configuration": [
              {
                "configuration_set": "",
                "email_sending_account": "COGNITO_DEFAULT",
                "from_email_address": "",
                "reply_to_email_address": "",
                "source_arn": ""
              }
            ],
            "email_mfa_configuration": [
              {
                "message": "Your Compira sign-in code is {####}",
                "subject": "Your Compira sign-in code"
              }
            ],
            "email_verification_message": null,
            "email_verification_subject": null,
            "endpoint": null,
            "estimated_number_of_users": null,
            "id": "us-east-1_cTY6PsgRR",
            "lambda_config": [],
            "last_modified_date": null,
            "mfa_configuration": "ON",
            "name": "compira-dev-user-pool",
            "password_policy": [
              {
                "minimum_length": 12,
                "password_history_size": 0,
                "require_lowercase": true,
                "require_numbers": true,
                "require_symbols": true,
                "require_uppercase": true,
                "temporary_password_validity_days": 7
              }
            ],
            "schema": [],
            "sign_in_policy": null,
            "sms_authentication_message": "Your Compira sign-in code is {####}",
            "sms_configuration": [
              {
                "external_id": "compira-dev-cognito-sms",
                "sns_caller_arn": "arn:aws:iam::380093117501:role/compira-dev-cognito-sms-role",
                "sns_region": "us-east-1"
              }
            ],
            "sms_verification_message": null,
            "software_token_mfa_configuration": [],
            "tags": {
              "domain": "authentication",
              "environment": "dev",
              "managed-by": "terraform",
              "owner": "platform",
              "project": "compira",
              "repository": "compira-back"
            },
            "tags_all": {
              "domain": "authentication",
              "environment": "dev",
              "managed-by": "terraform",
              "owner": "platform",
              "project": "compira",
              "repository": "compira-back"
            },
            "user_attribute_update_settings": [],
            "user_pool_add_ons": [],
            "user_pool_tier": "ESSENTIALS",
            "username_attributes": [
              "email"
            ],
            "username_configuration": null,
            "verification_message_template": [
              {
                "default_email_option": "CONFIRM_WITH_CODE",
                "email_message": "Your Compira verification code is {####}",
                "email_message_by_link": "",
                "email_subject": "Confirm your Compira account",
                "email_subject_by_link": "",
                "sms_message": "Your Compira verification code is {####}"
              }
            ],
            "web_authn_configuration": []
          },
          "sensitive_attributes": [],
          "identity_schema_version": 0,
          "private": "bnVsbA==",
          "dependencies": [
            "aws_iam_role.cognito_sms",
            "data.aws_region.current"
          ]
        }
      ]
    },
    {
      "mode": "managed",
      "type": "aws_iam_role",
      "name": "cognito_sms",
      "provider": "provider[\"registry.terraform.io/hashicorp/aws\"]",
      "instances": [
        {
          "schema_version": 0,
          "attributes": {
            "arn": "arn:aws:iam::380093117501:role/compira-dev-cognito-sms-role",
            "assume_role_policy": "{\"Statement\":[{\"Action\":\"sts:AssumeRole\",\"Condition\":{\"StringEquals\":{\"sts:ExternalId\":\"compira-dev-cognito-sms\"}},\"Effect\":\"Allow\",\"Principal\":{\"Service\":\"cognito-idp.amazonaws.com\"}}],\"Version\":\"2012-10-17\"}",
            "create_date": "2026-08-17T19:18:06Z",
            "description": "",
            "force_detach_policies": false,
            "id": "compira-dev-cognito-sms-role",
            "inline_policy": [],
            "managed_policy_arns": [],
            "max_session_duration": 3600,
            "name": "compira-dev-cognito-sms-role",
            "name_prefix": "",
            "path": "/",
            "permissions_boundary": "",
            "tags": {
              "domain": "authentication",
              "environment": "dev",
              "managed-by": "terraform",
              "owner": "platform",
              "project": "compira",
              "repository": "compira-back"
            },
            "tags_all": {
              "domain": "authentication",
              "environment": "dev",
              "managed-by": "terraform",
              "owner": "platform",
              "project": "compira",
              "repository": "compira-back"
            },
            "unique_id": "AROAVQ72QWQ6YOXAJVPVG"
          },
          "sensitive_attributes": [],
          "identity_schema_version": 0,
          "private": "bnVsbA=="
        }
      ]
    },
    {
      "mode": "managed",
      "type": "aws_iam_role_policy",
      "name": "cognito_sms_publish",
      "provider": "provider[\"registry.terraform.io/hashicorp/aws\"]",
      "instances": [
        {
          "schema_version": 0,
          "attributes": {
            "id": "compira-dev-cognito-sms-role:compira-dev-cognito-sms-publish",
            "name": "compira-dev-cognito-sms-publish",
            "name_prefix": "",
            "policy": "{\"Version\":\"2012-10-17\",\"Statement\":[{\"Action\":[\"sns:Publish\"],\"Effect\":\"Allow\",\"Resource\":\"*\"}]}",
            "role": "compira-dev-cognito-sms-role"
          },
          "sensitive_attributes": [],
          "identity_schema_version": 0,
          "private": "bnVsbA==",
          "dependencies": [
            "aws_iam_role.cognito_sms"
          ]
        }
      ]
    }
  ],
  "check_results": null
}
