{
  "version": 4,
  "terraform_version": "1.13.5",
  "serial": 10,
  "lineage": "09796525-0ffc-cdbe-b868-107ce6373dfe",
  "outputs": {
    "cognito_issuer_url": {
      "value": "https://cognito-idp.us-east-1.amazonaws.com/us-east-1_VVpUYZzNy",
      "type": "string"
    },
    "cognito_jwks_url": {
      "value": "https://cognito-idp.us-east-1.amazonaws.com/us-east-1_VVpUYZzNy/.well-known/jwks.json",
      "type": "string"
    },
    "sms_role_arn": {
      "value": "arn:aws:iam::380093117501:role/compira-dev-cognito-sms-role",
      "type": "string"
    },
    "user_pool_arn": {
      "value": "arn:aws:cognito-idp:us-east-1:380093117501:userpool/us-east-1_VVpUYZzNy",
      "type": "string"
    },
    "user_pool_client_id": {
      "value": "6lasp5po0eu1gb5frdknoqgaqk",
      "type": "string"
    },
    "user_pool_id": {
      "value": "us-east-1_VVpUYZzNy",
      "type": "string"
    }
  },
  "resources": [
    {
      "mode": "data",
      "type": "aws_caller_identity",
      "name": "current",
      "provider": "provider[\"registry.terraform.io/hashicorp/aws\"]",
      "instances": [
        {
          "schema_version": 0,
          "attributes": {
            "account_id": "380093117501",
            "arn": "arn:aws:iam::380093117501:user/terraform-admin",
            "id": "380093117501",
            "user_id": "AIDAVQ72QWQ6W56JFRG6M"
          },
          "sensitive_attributes": [],
          "identity_schema_version": 0
        }
      ]
    },
    {
      "mode": "data",
      "type": "aws_region",
      "name": "current",
      "provider": "provider[\"registry.terraform.io/hashicorp/aws\"]",
      "instances": [
        {
          "schema_version": 0,
          "attributes": {
            "description": "US East (N. Virginia)",
            "endpoint": "ec2.us-east-1.amazonaws.com",
            "id": "us-east-1",
            "name": "us-east-1"
          },
          "sensitive_attributes": [],
          "identity_schema_version": 0
        }
      ]
    },
    {
      "mode": "managed",
      "type": "aws_cognito_user_pool",
      "name": "this",
      "provider": "provider[\"registry.terraform.io/hashicorp/aws\"]",
      "instances": [
        {
          "schema_version": 0,
          "attributes": {
            "account_recovery_setting": [
              {
                "recovery_mechanism": [
                  {
                    "name": "verified_email",
                    "priority": 2
                  },
                  {
                    "name": "verified_phone_number",
                    "priority": 1
                  }
                ]
              }
            ],
            "admin_create_user_config": [
              {
                "allow_admin_create_user_only": false,
                "invite_message_template": []
              }
            ],
            "alias_attributes": null,
            "arn": "arn:aws:cognito-idp:us-east-1:380093117501:userpool/us-east-1_VVpUYZzNy",
            "auto_verified_attributes": [
              "email"
            ],
            "creation_date": "2026-08-17T19:35:06Z",
            "custom_domain": "",
            "deletion_protection": "INACTIVE",
            "device_configuration": [],
            "domain": "",
            "email_configuration": [
              {
                "configuration_set": "",
                "email_sending_account": "DEVELOPER",
                "from_email_address": "anfega@outlook.es",
                "reply_to_email_address": "anfega@outlook.es",
                "source_arn": "arn:aws:ses:us-east-1:380093117501:identity/anfega@outlook.es"
              }
            ],
            "email_mfa_configuration": [
              {
                "message": "Your Compira sign-in code is {####}",
                "subject": "Your Compira sign-in code"
              }
            ],
            "email_verification_message": "Your Compira verification code is {####}",
            "email_verification_subject": "Confirm your Compira account",
            "endpoint": "cognito-idp.us-east-1.amazonaws.com/us-east-1_VVpUYZzNy",
            "estimated_number_of_users": 1,
            "id": "us-east-1_VVpUYZzNy",
            "lambda_config": [],
            "last_modified_date": "2026-08-17T20:32:04Z",
            "mfa_configuration": "ON",
            "name": "compira-dev-user-pool",
            "password_policy": [
              {
                "minimum_length": 12,
                "password_history_size": 0,
                "require_lowercase": true,
                "require_numbers": true,
                "require_symbols": true,
                "require_uppercase": true,
                "temporary_password_validity_days": 7
              }
            ],
            "schema": [],
            "sign_in_policy": [
              {
                "allowed_first_auth_factors": [
                  "PASSWORD"
                ]
              }
            ],
            "sms_authentication_message": "Your Compira sign-in code is {####}",
            "sms_configuration": [
              {
                "external_id": "compira-dev-cognito-sms",
                "sns_caller_arn": "arn:aws:iam::380093117501:role/compira-dev-cognito-sms-role",
                "sns_region": "us-east-1"
              }
            ],
            "sms_verification_message": "Your Compira verification code is {####}",
            "software_token_mfa_configuration": [],
            "tags": {
              "domain": "authentication",
              "environment": "dev",
              "managed-by": "terraform",
              "owner": "platform",
              "project": "compira",
              "repository": "compira-back"
            },
            "tags_all": {
              "domain": "authentication",
              "environment": "dev",
              "managed-by": "terraform",
              "owner": "platform",
              "project": "compira",
              "repository": "compira-back"
            },
            "user_attribute_update_settings": [],
            "user_pool_add_ons": [],
            "user_pool_tier": "ESSENTIALS",
            "username_attributes": [
              "email"
            ],
            "username_configuration": [],
            "verification_message_template": [
              {
                "default_email_option": "CONFIRM_WITH_CODE",
                "email_message": "Your Compira verification code is {####}",
                "email_message_by_link": "",
                "email_subject": "Confirm your Compira account",
                "email_subject_by_link": "",
                "sms_message": "Your Compira verification code is {####}"
              }
            ],
            "web_authn_configuration": []
          },
          "sensitive_attributes": [],
          "identity_schema_version": 0,
          "private": "bnVsbA==",
          "dependencies": [
            "aws_iam_role.cognito_sms",
            "data.aws_region.current"
          ]
        }
      ]
    },
    {
      "mode": "managed",
      "type": "aws_cognito_user_pool_client",
      "name": "this",
      "provider": "provider[\"registry.terraform.io/hashicorp/aws\"]",
      "instances": [
        {
          "schema_version": 0,
          "attributes": {
            "access_token_validity": 60,
            "allowed_oauth_flows": [],
            "allowed_oauth_flows_user_pool_client": false,
            "allowed_oauth_scopes": [],
            "analytics_configuration": [],
            "auth_session_validity": 3,
            "callback_urls": [],
            "client_secret": "",
            "default_redirect_uri": "",
            "enable_propagate_additional_user_context_data": false,
            "enable_token_revocation": true,
            "explicit_auth_flows": [
              "ALLOW_REFRESH_TOKEN_AUTH",
              "ALLOW_USER_PASSWORD_AUTH"
            ],
            "generate_secret": false,
            "id": "6lasp5po0eu1gb5frdknoqgaqk",
            "id_token_validity": 60,
            "logout_urls": [],
            "name": "compira-dev-app-client",
            "prevent_user_existence_errors": "ENABLED",
            "read_attributes": [],
            "refresh_token_rotation": [],
            "refresh_token_validity": 30,
            "supported_identity_providers": [
              "COGNITO"
            ],
            "token_validity_units": [
              {
                "access_token": "minutes",
                "id_token": "minutes",
                "refresh_token": "days"
              }
            ],
            "user_pool_id": "us-east-1_VVpUYZzNy",
            "write_attributes": []
          },
          "sensitive_attributes": [
            [
              {
                "type": "get_attr",
                "value": "client_secret"
              }
            ]
          ],
          "identity_schema_version": 0,
          "dependencies": [
            "aws_cognito_user_pool.this",
            "aws_iam_role.cognito_sms",
            "data.aws_region.current"
          ]
        }
      ]
    },
    {
      "mode": "managed",
      "type": "aws_iam_role",
      "name": "cognito_sms",
      "provider": "provider[\"registry.terraform.io/hashicorp/aws\"]",
      "instances": [
        {
          "schema_version": 0,
          "attributes": {
            "arn": "arn:aws:iam::380093117501:role/compira-dev-cognito-sms-role",
            "assume_role_policy": "{\"Statement\":[{\"Action\":\"sts:AssumeRole\",\"Condition\":{\"StringEquals\":{\"sts:ExternalId\":\"compira-dev-cognito-sms\"}},\"Effect\":\"Allow\",\"Principal\":{\"Service\":\"cognito-idp.amazonaws.com\"}}],\"Version\":\"2012-10-17\"}",
            "create_date": "2026-08-17T19:18:06Z",
            "description": "",
            "force_detach_policies": false,
            "id": "compira-dev-cognito-sms-role",
            "inline_policy": [
              {
                "name": "compira-dev-cognito-sms-publish",
                "policy": "{\"Version\":\"2012-10-17\",\"Statement\":[{\"Action\":[\"sns:Publish\"],\"Effect\":\"Allow\",\"Resource\":\"*\"}]}"
              }
            ],
            "managed_policy_arns": [],
            "max_session_duration": 3600,
            "name": "compira-dev-cognito-sms-role",
            "name_prefix": "",
            "path": "/",
            "permissions_boundary": "",
            "tags": {
              "domain": "authentication",
              "environment": "dev",
              "managed-by": "terraform",
              "owner": "platform",
              "project": "compira",
              "repository": "compira-back"
            },
            "tags_all": {
              "domain": "authentication",
              "environment": "dev",
              "managed-by": "terraform",
              "owner": "platform",
              "project": "compira",
              "repository": "compira-back"
            },
            "unique_id": "AROAVQ72QWQ6YOXAJVPVG"
          },
          "sensitive_attributes": [],
          "identity_schema_version": 0,
          "private": "bnVsbA=="
        }
      ]
    },
    {
      "mode": "managed",
      "type": "aws_iam_role_policy",
      "name": "cognito_sms_publish",
      "provider": "provider[\"registry.terraform.io/hashicorp/aws\"]",
      "instances": [
        {
          "schema_version": 0,
          "attributes": {
            "id": "compira-dev-cognito-sms-role:compira-dev-cognito-sms-publish",
            "name": "compira-dev-cognito-sms-publish",
            "name_prefix": "",
            "policy": "{\"Version\":\"2012-10-17\",\"Statement\":[{\"Action\":[\"sns:Publish\"],\"Effect\":\"Allow\",\"Resource\":\"*\"}]}",
            "role": "compira-dev-cognito-sms-role"
          },
          "sensitive_attributes": [],
          "identity_schema_version": 0,
          "private": "bnVsbA==",
          "dependencies": [
            "aws_iam_role.cognito_sms"
          ]
        }
      ]
    }
  ],
  "check_results": null
}
